
Microsoft Visual Studio Solution File, Format Version 12.00
# Visual Studio Version 17
VisualStudioVersion = 17.14.36310.24 d17.14
MinimumVisualStudioVersion = 10.0.40219.1
Project("{FAE04EC0-301F-11D3-BF4B-00C04F79EFBC}") = "MojoMVC", "MojoMVC\MojoMVC.csproj", "{09C52AC5-3C0E-48B0-8B38-64100165A948}"
EndProject
Project("{FAE04EC0-301F-11D3-BF4B-00C04F79EFBC}") = "MojoMVC.Tests", "MojoMVC.Tests\MojoMVC.Tests.csproj", "{26C73D85-5062-4439-B370-9498F87B0CDB}"
EndProject
Global
	GlobalSection(SolutionConfigurationPlatforms) = preSolution
		Debug|Any CPU = Debug|Any CPU
		Release|Any CPU = Release|Any CPU
	EndGlobalSection
	GlobalSection(ProjectConfigurationPlatforms) = postSolution
		{09C52AC5-3C0E-48B0-8B38-64100165A948}.Debug|Any CPU.ActiveCfg = Debug|Any CPU
		{09C52AC5-3C0E-48B0-8B38-64100165A948}.Debug|Any CPU.Build.0 = Debug|Any CPU
		{09C52AC5-3C0E-48B0-8B38-64100165A948}.Release|Any CPU.ActiveCfg = Release|Any CPU
		{09C52AC5-3C0E-48B0-8B38-64100165A948}.Release|Any CPU.Build.0 = Release|Any CPU
		{26C73D85-5062-4439-B370-9498F87B0CDB}.Debug|Any CPU.ActiveCfg = Debug|Any CPU
		{26C73D85-5062-4439-B370-9498F87B0CDB}.Debug|Any CPU.Build.0 = Debug|Any CPU
		{26C73D85-5062-4439-B370-9498F87B0CDB}.Release|Any CPU.ActiveCfg = Release|Any CPU
		{26C73D85-5062-4439-B370-9498F87B0CDB}.Release|Any CPU.Build.0 = Release|Any CPU
	EndGlobalSection
	GlobalSection(SolutionProperties) = preSolution
		HideSolutionNode = FALSE
	EndGlobalSection
	GlobalSection(ExtensibilityGlobals) = postSolution
		SolutionGuid = {68DB5BF0-95E9-48B8-A59B-CCE82D4304FC}
	EndGlobalSection
EndGlobal
